
Microsoft Visual Studio Solution File, Format Version 12.00
# Visual Studio Version 17
VisualStudioVersion = 17.5.002.0
MinimumVisualStudioVersion = 10.0.40219.1
Project("{9A19103F-16F7-4668-BE54-9A1E7A4F7556}") = "MVCAPI", "MVCAPI.csproj", "{50B933A6-518A-442B-ADFB-44FD5A9F33ED}"
EndProject
Global
	GlobalSection(SolutionConfigurationPlatforms) = preSolution
		Debug|Any CPU = Debug|Any CPU
		Release|Any CPU = Release|Any CPU
	EndGlobalSection
	GlobalSection(ProjectConfigurationPlatforms) = postSolution
		{50B933A6-518A-442B-ADFB-44FD5A9F33ED}.Debug|Any CPU.ActiveCfg = Debug|Any CPU
		{50B933A6-518A-442B-ADFB-44FD5A9F33ED}.Debug|Any CPU.Build.0 = Debug|Any CPU
		{50B933A6-518A-442B-ADFB-44FD5A9F33ED}.Release|Any CPU.ActiveCfg = Release|Any CPU
		{50B933A6-518A-442B-ADFB-44FD5A9F33ED}.Release|Any CPU.Build.0 = Release|Any CPU
	EndGlobalSection
	GlobalSection(SolutionProperties) = preSolution
		HideSolutionNode = FALSE
	EndGlobalSection
	GlobalSection(ExtensibilityGlobals) = postSolution
		SolutionGuid = {116C3BB2-DC56-46AC-A597-37EAF0D8FF9D}
	EndGlobalSection
EndGlobal
